
Microsoft Visual Studio Solution File, Format Version 10.00
# Visual Studio 2008
Project("{8BC9CEB8-8B4A-11D0-8D11-00A0C91BC942}") = "HelloLua_01", "HelloLua_01\HelloLua_01.vcproj", "{3D3B6FA2-119B-45D8-A0EF-3CDB6B38A254}"
EndProject
Project("{8BC9CEB8-8B4A-11D0-8D11-00A0C91BC942}") = "LuaLib", "LuaLib\LuaLib.vcproj", "{A9ADF5E1-E2B4-44DB-AD78-9A8C612D12E0}"
EndProject
Global
	GlobalSection(SolutionConfigurationPlatforms) = preSolution
		Debug|Win32 = Debug|Win32
		Release|Win32 = Release|Win32
	EndGlobalSection
	GlobalSection(ProjectConfigurationPlatforms) = postSolution
		{3D3B6FA2-119B-45D8-A0EF-3CDB6B38A254}.Debug|Win32.ActiveCfg = Debug|Win32
		{3D3B6FA2-119B-45D8-A0EF-3CDB6B38A254}.Debug|Win32.Build.0 = Debug|Win32
		{3D3B6FA2-119B-45D8-A0EF-3CDB6B38A254}.Release|Win32.ActiveCfg = Release|Win32
		{3D3B6FA2-119B-45D8-A0EF-3CDB6B38A254}.Release|Win32.Build.0 = Release|Win32
		{A9ADF5E1-E2B4-44DB-AD78-9A8C612D12E0}.Debug|Win32.ActiveCfg = Debug|Win32
		{A9ADF5E1-E2B4-44DB-AD78-9A8C612D12E0}.Debug|Win32.Build.0 = Debug|Win32
		{A9ADF5E1-E2B4-44DB-AD78-9A8C612D12E0}.Release|Win32.ActiveCfg = Release|Win32
		{A9ADF5E1-E2B4-44DB-AD78-9A8C612D12E0}.Release|Win32.Build.0 = Release|Win32
	EndGlobalSection
	GlobalSection(SolutionProperties) = preSolution
		HideSolutionNode = FALSE
	EndGlobalSection
EndGlobal
